
Microsoft Visual Studio Solution File, Format Version 12.00
# Visual Studio Version 17
VisualStudioVersion = 17.4.33110.190
MinimumVisualStudioVersion = 10.0.40219.1
Project("{9A19103F-16F7-4668-BE54-9A1E7A4F7556}") = "tdb.ddd.admin.webapi", "tdb.ddd.admin.webapi\tdb.ddd.admin.webapi.csproj", "{907094EE-A361-496F-8336-0446BEEAF31E}"
EndProject
Project("{9A19103F-16F7-4668-BE54-9A1E7A4F7556}") = "tdb.ddd.admin.infrastructure", "tdb.ddd.admin.infrastructure\tdb.ddd.admin.infrastructure.csproj", "{99C24EC7-FEBA-4FA8-A49E-BDDDF365A69F}"
EndProject
Project("{9A19103F-16F7-4668-BE54-9A1E7A4F7556}") = "tdb.ddd.admin.application", "tdb.ddd.admin.application\tdb.ddd.admin.application.csproj", "{ECA6C765-D8FB-4043-AD15-E02761036C90}"
EndProject
Project("{9A19103F-16F7-4668-BE54-9A1E7A4F7556}") = "tdb.ddd.admin.application.contracts", "tdb.ddd.admin.application.contracts\tdb.ddd.admin.application.contracts.csproj", "{1957DE04-A414-48FC-B29A-C4C90DA77D5D}"
EndProject
Project("{9A19103F-16F7-4668-BE54-9A1E7A4F7556}") = "tdb.ddd.admin.domain.contracts", "tdb.ddd.admin.domain.contracts\tdb.ddd.admin.domain.contracts.csproj", "{70413F59-B67C-4EDB-BD93-BAB7A727B523}"
EndProject
Project("{9A19103F-16F7-4668-BE54-9A1E7A4F7556}") = "tdb.ddd.admin.domain", "tdb.ddd.admin.domain\tdb.ddd.admin.domain.csproj", "{FBB1CEB6-DC0A-42DE-B6F6-696DB763D493}"
EndProject
Project("{FAE04EC0-301F-11D3-BF4B-00C04F79EFBC}") = "tdb.ddd.admin.application.remote", "tdb.ddd.admin.application.remote\tdb.ddd.admin.application.remote.csproj", "{9216C1A4-E779-446D-B6A7-0F31F5950368}"
EndProject
Global
	GlobalSection(SolutionConfigurationPlatforms) = preSolution
		Debug|Any CPU = Debug|Any CPU
		Release|Any CPU = Release|Any CPU
	EndGlobalSection
	GlobalSection(ProjectConfigurationPlatforms) = postSolution
		{907094EE-A361-496F-8336-0446BEEAF31E}.Debug|Any CPU.ActiveCfg = Debug|Any CPU
		{907094EE-A361-496F-8336-0446BEEAF31E}.Debug|Any CPU.Build.0 = Debug|Any CPU
		{907094EE-A361-496F-8336-0446BEEAF31E}.Release|Any CPU.ActiveCfg = Release|Any CPU
		{907094EE-A361-496F-8336-0446BEEAF31E}.Release|Any CPU.Build.0 = Release|Any CPU
		{99C24EC7-FEBA-4FA8-A49E-BDDDF365A69F}.Debug|Any CPU.ActiveCfg = Debug|Any CPU
		{99C24EC7-FEBA-4FA8-A49E-BDDDF365A69F}.Debug|Any CPU.Build.0 = Debug|Any CPU
		{99C24EC7-FEBA-4FA8-A49E-BDDDF365A69F}.Release|Any CPU.ActiveCfg = Release|Any CPU
		{99C24EC7-FEBA-4FA8-A49E-BDDDF365A69F}.Release|Any CPU.Build.0 = Release|Any CPU
		{ECA6C765-D8FB-4043-AD15-E02761036C90}.Debug|Any CPU.ActiveCfg = Debug|Any CPU
		{ECA6C765-D8FB-4043-AD15-E02761036C90}.Debug|Any CPU.Build.0 = Debug|Any CPU
		{ECA6C765-D8FB-4043-AD15-E02761036C90}.Release|Any CPU.ActiveCfg = Release|Any CPU
		{ECA6C765-D8FB-4043-AD15-E02761036C90}.Release|Any CPU.Build.0 = Release|Any CPU
		{1957DE04-A414-48FC-B29A-C4C90DA77D5D}.Debug|Any CPU.ActiveCfg = Debug|Any CPU
		{1957DE04-A414-48FC-B29A-C4C90DA77D5D}.Debug|Any CPU.Build.0 = Debug|Any CPU
		{1957DE04-A414-48FC-B29A-C4C90DA77D5D}.Release|Any CPU.ActiveCfg = Release|Any CPU
		{1957DE04-A414-48FC-B29A-C4C90DA77D5D}.Release|Any CPU.Build.0 = Release|Any CPU
		{70413F59-B67C-4EDB-BD93-BAB7A727B523}.Debug|Any CPU.ActiveCfg = Debug|Any CPU
		{70413F59-B67C-4EDB-BD93-BAB7A727B523}.Debug|Any CPU.Build.0 = Debug|Any CPU
		{70413F59-B67C-4EDB-BD93-BAB7A727B523}.Release|Any CPU.ActiveCfg = Release|Any CPU
		{70413F59-B67C-4EDB-BD93-BAB7A727B523}.Release|Any CPU.Build.0 = Release|Any CPU
		{FBB1CEB6-DC0A-42DE-B6F6-696DB763D493}.Debug|Any CPU.ActiveCfg = Debug|Any CPU
		{FBB1CEB6-DC0A-42DE-B6F6-696DB763D493}.Debug|Any CPU.Build.0 = Debug|Any CPU
		{FBB1CEB6-DC0A-42DE-B6F6-696DB763D493}.Release|Any CPU.ActiveCfg = Release|Any CPU
		{FBB1CEB6-DC0A-42DE-B6F6-696DB763D493}.Release|Any CPU.Build.0 = Release|Any CPU
		{9216C1A4-E779-446D-B6A7-0F31F5950368}.Debug|Any CPU.ActiveCfg = Debug|Any CPU
		{9216C1A4-E779-446D-B6A7-0F31F5950368}.Debug|Any CPU.Build.0 = Debug|Any CPU
		{9216C1A4-E779-446D-B6A7-0F31F5950368}.Release|Any CPU.ActiveCfg = Release|Any CPU
		{9216C1A4-E779-446D-B6A7-0F31F5950368}.Release|Any CPU.Build.0 = Release|Any CPU
	EndGlobalSection
	GlobalSection(SolutionProperties) = preSolution
		HideSolutionNode = FALSE
	EndGlobalSection
	GlobalSection(ExtensibilityGlobals) = postSolution
		SolutionGuid = {E37B3D65-EA3B-42CA-B436-F8791A957C33}
	EndGlobalSection
EndGlobal
